
Microsoft Visual Studio Solution File, Format Version 12.00
# Visual Studio Version 16
VisualStudioVersion = 16.0.30717.126
MinimumVisualStudioVersion = 10.0.40219.1
Project("{FAE04EC0-301F-11D3-BF4B-00C04F79EFBC}") = "Vredevoogd.PlanChecker", "Vredevoogd.PlanChecker.csproj", "{727FA8FC-25C9-47DD-B79D-807267EEFA55}"
EndProject
Global
	GlobalSection(SolutionConfigurationPlatforms) = preSolution
		Debug|x64 = Debug|x64
		Release|x64 = Release|x64
	EndGlobalSection
	GlobalSection(ProjectConfigurationPlatforms) = postSolution
		{727FA8FC-25C9-47DD-B79D-807267EEFA55}.Debug|x64.ActiveCfg = Debug|x64
		{727FA8FC-25C9-47DD-B79D-807267EEFA55}.Debug|x64.Build.0 = Debug|x64
		{727FA8FC-25C9-47DD-B79D-807267EEFA55}.Release|x64.ActiveCfg = Release|x64
		{727FA8FC-25C9-47DD-B79D-807267EEFA55}.Release|x64.Build.0 = Release|x64
	EndGlobalSection
	GlobalSection(SolutionProperties) = preSolution
		HideSolutionNode = FALSE
	EndGlobalSection
	GlobalSection(ExtensibilityGlobals) = postSolution
		SolutionGuid = {BADBC410-EB71-4078-8A9B-41C12CE79435}
	EndGlobalSection
EndGlobal
